// !$*UTF8*$!
{
	archiveVersion = 1;
	classes = {
	};
	objectVersion = 46;
	objects = {

/* Begin PBXBuildFile section */
		A324B5F80DF4F81BB3BA01ED /* Pods_Memo.framework in Frameworks */ = {isa = PBXBuildFile; fileRef = 68284A4C0F05EE1CA8D2B2C7 /* Pods_Memo.framework */; };
		D732E3F61DB4FDAB00623267 /* AppDelegate.swift in Sources */ = {isa = PBXBuildFile; fileRef = D732E3F51DB4FDAB00623267 /* AppDelegate.swift */; };
		D732E3F81DB4FDAB00623267 /* ViewController.swift in Sources */ = {isa = PBXBuildFile; fileRef = D732E3F71DB4FDAB00623267 /* ViewController.swift */; };
		D732E3FB1DB4FDAB00623267 /* Main.storyboard in Resources */ = {isa = PBXBuildFile; fileRef = D732E3F91DB4FDAB00623267 /* Main.storyboard */; };
		D732E3FD1DB4FDAB00623267 /* Assets.xcassets in Resources */ = {isa = PBXBuildFile; fileRef = D732E3FC1DB4FDAB00623267 /* Assets.xcassets */; };
		D732E4001DB4FDAB00623267 /* LaunchScreen.storyboard in Resources */ = {isa = PBXBuildFile; fileRef = D732E3FE1DB4FDAB00623267 /* LaunchScreen.storyboard */; };
		D732E4081DB5113000623267 /* MemoCell.swift in Sources */ = {isa = PBXBuildFile; fileRef = D732E4071DB5113000623267 /* MemoCell.swift */; };
		D7EC635C1DB90C4900FF5571 /* WriteMemoViewController.swift in Sources */ = {isa = PBXBuildFile; fileRef = D7EC635B1DB90C4900FF5571 /* WriteMemoViewController.swift */; };
/* End PBXBuildFile section */

/* Begin PBXFileReference section */
		016C3BB1FD4472B12E84DBAC /* Pods-Memo.release.xcconfig */ = {isa = PBXFileReference; includeInIndex = 1; lastKnownFileType = text.xcconfig; name = "Pods-Memo.release.xcconfig"; path = "Pods/Target Support Files/Pods-Memo/Pods-Memo.release.xcconfig"; sourceTree = "<group>"; };
		64E1EF24CC234330C4978693 /* Pods-Memo.debug.xcconfig */ = {isa = PBXFileReference; includeInIndex = 1; lastKnownFileType = text.xcconfig; name = "Pods-Memo.debug.xcconfig"; path = "Pods/Target Support Files/Pods-Memo/Pods-Memo.debug.xcconfig"; sourceTree = "<group>"; };
		68284A4C0F05EE1CA8D2B2C7 /* Pods_Memo.framework */ = {isa = PBXFileReference; explicitFileType = wrapper.framework; includeInIndex = 0; path = Pods_Memo.framework; sourceTree = BUILT_PRODUCTS_DIR; };
		D732E3F21DB4FDAB00623267 /* Memo.app */ = {isa = PBXFileReference; explicitFileType = wrapper.application; includeInIndex = 0; path = Memo.app; sourceTree = BUILT_PRODUCTS_DIR; };
		D732E3F51DB4FDAB00623267 /* AppDelegate.swift */ = {isa = PBXFileReference; lastKnownFileType = sourcecode.swift; path = AppDelegate.swift; sourceTree = "<group>"; };
		D732E3F71DB4FDAB00623267 /* ViewController.swift */ = {isa = PBXFileReference; lastKnownFileType = sourcecode.swift; path = ViewController.swift; sourceTree = "<group>"; };
		D732E3FA1DB4FDAB00623267 /* Base */ = {isa = PBXFileReference; lastKnownFileType = file.storyboard; name = Base; path = Base.lproj/Main.storyboard; sourceTree = "<group>"; };
		D732E3FC1DB4FDAB00623267 /* Assets.xcassets */ = {isa = PBXFileReference; lastKnownFileType = folder.assetcatalog; path = Assets.xcassets; sourceTree = "<group>"; };
		D732E3FF1DB4FDAB00623267 /* Base */ = {isa = PBXFileReference; lastKnownFileType = file.storyboard; name = Base; path = Base.lproj/LaunchScreen.storyboard; sourceTree = "<group>"; };
		D732E4011DB4FDAB00623267 /* Info.plist */ = {isa = PBXFileReference; lastKnownFileType = text.plist.xml; path = Info.plist; sourceTree = "<group>"; };
		D732E4071DB5113000623267 /* MemoCell.swift */ = {isa = PBXFileReference; fileEncoding = 4; lastKnownFileType = sourcecode.swift; path = MemoCell.swift; sourceTree = "<group>"; };
		D7EC635B1DB90C4900FF5571 /* WriteMemoViewController.swift */ = {isa = PBXFileReference; fileEncoding = 4; lastKnownFileType = sourcecode.swift; path = WriteMemoViewController.swift; sourceTree = "<group>"; };
/* End PBXFileReference section */

/* Begin PBXFrameworksBuildPhase section */
		D732E3EF1DB4FDAB00623267 /* Frameworks */ = {
			isa = PBXFrameworksBuildPhase;
			buildActionMask = 2147483647;
			files = (
				A324B5F80DF4F81BB3BA01ED /* Pods_Memo.framework in Frameworks */,
			);
			runOnlyForDeploymentPostprocessing = 0;
		};
/* End PBXFrameworksBuildPhase section */

/* Begin PBXGroup section */
		D1E89CE33844BC83D3844B6D /* Frameworks */ = {
			isa = PBXGroup;
			children = (
				68284A4C0F05EE1CA8D2B2C7 /* Pods_Memo.framework */,
			);
			name = Frameworks;
			sourceTree = "<group>";
		};
		D732E3E91DB4FDAB00623267 = {
			isa = PBXGroup;
			children = (
				D732E3F41DB4FDAB00623267 /* Memo */,
				D732E3F31DB4FDAB00623267 /* Products */,
				E3969AFC7EA19DE5D9C4F11B /* Pods */,
				D1E89CE33844BC83D3844B6D /* Frameworks */,
			);
			sourceTree = "<group>";
		};
		D732E3F31DB4FDAB00623267 /* Products */ = {
			isa = PBXGroup;
			children = (
				D732E3F21DB4FDAB00623267 /* Memo.app */,
			);
			name = Products;
			sourceTree = "<group>";
		};
		D732E3F41DB4FDAB00623267 /* Memo */ = {
			isa = PBXGroup;
			children = (
				D732E3F51DB4FDAB00623267 /* AppDelegate.swift */,
				D732E3F71DB4FDAB00623267 /* ViewController.swift */,
				D732E3F91DB4FDAB00623267 /* Main.storyboard */,
				D732E3FC1DB4FDAB00623267 /* Assets.xcassets */,
				D732E3FE1DB4FDAB00623267 /* LaunchScreen.storyboard */,
				D732E4011DB4FDAB00623267 /* Info.plist */,
				D732E4071DB5113000623267 /* MemoCell.swift */,
				D7EC635B1DB90C4900FF5571 /* WriteMemoViewController.swift */,
			);
			path = Memo;
			sourceTree = "<group>";
		};
		E3969AFC7EA19DE5D9C4F11B /* Pods */ = {
			isa = PBXGroup;
			children = (
				64E1EF24CC234330C4978693 /* Pods-Memo.debug.xcconfig */,
				016C3BB1FD4472B12E84DBAC /* Pods-Memo.release.xcconfig */,
			);
			name = Pods;
			sourceTree = "<group>";
		};
/* End PBXGroup section */

/* Begin PBXNativeTarget section */
		D732E3F11DB4FDAB00623267 /* Memo */ = {
			isa = PBXNativeTarget;
			buildConfigurationList = D732E4041DB4FDAB00623267 /* Build configuration list for PBXNativeTarget "Memo" */;
			buildPhases = (
				835D5135AB52041EC61DF096 /* 📦 Check Pods Manifest.lock */,
				D732E3EE1DB4FDAB00623267 /* Sources */,
				D732E3EF1DB4FDAB00623267 /* Frameworks */,
				D732E3F01DB4FDAB00623267 /* Resources */,
				58E8534408BC3C0198478AD3 /* 📦 Embed Pods Frameworks */,
				8CB9E0C510D60B7DC11642BC /* 📦 Copy Pods Resources */,
			);
			buildRules = (
			);
			dependencies = (
			);
			name = Memo;
			productName = Memo;
			productReference = D732E3F21DB4FDAB00623267 /* Memo.app */;
			productType = "com.apple.product-type.application";
		};
/* End PBXNativeTarget section */

/* Begin PBXProject section */
		D732E3EA1DB4FDAB00623267 /* Project object */ = {
			isa = PBXProject;
			attributes = {
				LastSwiftUpdateCheck = 0800;
				LastUpgradeCheck = 0800;
				ORGANIZATIONNAME = Leonard;
				TargetAttributes = {
					D732E3F11DB4FDAB00623267 = {
						CreatedOnToolsVersion = 8.0;
						DevelopmentTeam = 6A2AXBD54S;
						ProvisioningStyle = Automatic;
					};
				};
			};
			buildConfigurationList = D732E3ED1DB4FDAB00623267 /* Build configuration list for PBXProject "Memo" */;
			compatibilityVersion = "Xcode 3.2";
			developmentRegion = English;
			hasScannedForEncodings = 0;
			knownRegions = (
				en,
				Base,
			);
			mainGroup = D732E3E91DB4FDAB00623267;
			productRefGroup = D732E3F31DB4FDAB00623267 /* Products */;
			projectDirPath = "";
			projectRoot = "";
			targets = (
				D732E3F11DB4FDAB00623267 /* Memo */,
			);
		};
/* End PBXProject section */

/* Begin PBXResourcesBuildPhase section */
		D732E3F01DB4FDAB00623267 /* Resources */ = {
			isa = PBXResourcesBuildPhase;
			buildActionMask = 2147483647;
			files = (
				D732E4001DB4FDAB00623267 /* LaunchScreen.storyboard in Resources */,
				D732E3FD1DB4FDAB00623267 /* Assets.xcassets in Resources */,
				D732E3FB1DB4FDAB00623267 /* Main.storyboard in Resources */,
			);
			runOnlyForDeploymentPostprocessing = 0;
		};
/* End PBXResourcesBuildPhase section */

/* Begin PBXShellScriptBuildPhase section */
		58E8534408BC3C0198478AD3 /* 📦 Embed Pods Frameworks */ = {
			isa = PBXShellScriptBuildPhase;
			buildActionMask = 2147483647;
			files = (
			);
			inputPaths = (
			);
			name = "📦 Embed Pods Frameworks";
			outputPaths = (
			);
			runOnlyForDeploymentPostprocessing = 0;
			shellPath = /bin/sh;
			shellScript = "\"${SRCROOT}/Pods/Target Support Files/Pods-Memo/Pods-Memo-frameworks.sh\"\n";
			showEnvVarsInLog = 0;
		};
		835D5135AB52041EC61DF096 /* 📦 Check Pods Manifest.lock */ = {
			isa = PBXShellScriptBuildPhase;
			buildActionMask = 2147483647;
			files = (
			);
			inputPaths = (
			);
			name = "📦 Check Pods Manifest.lock";
			outputPaths = (
			);
			runOnlyForDeploymentPostprocessing = 0;
			shellPath = /bin/sh;
			shellScript = "diff \"${PODS_ROOT}/../Podfile.lock\" \"${PODS_ROOT}/Manifest.lock\" > /dev/null\nif [[ $? != 0 ]] ; then\n    cat << EOM\nerror: The sandbox is not in sync with the Podfile.lock. Run 'pod install' or update your CocoaPods installation.\nEOM\n    exit 1\nfi\n";
			showEnvVarsInLog = 0;
		};
		8CB9E0C510D60B7DC11642BC /* 📦 Copy Pods Resources */ = {
			isa = PBXShellScriptBuildPhase;
			buildActionMask = 2147483647;
			files = (
			);
			inputPaths = (
			);
			name = "📦 Copy Pods Resources";
			outputPaths = (
			);
			runOnlyForDeploymentPostprocessing = 0;
			shellPath = /bin/sh;
			shellScript = "\"${SRCROOT}/Pods/Target Support Files/Pods-Memo/Pods-Memo-resources.sh\"\n";
			showEnvVarsInLog = 0;
		};
/* End PBXShellScriptBuildPhase section */

/* Begin PBXSourcesBuildPhase section */
		D732E3EE1DB4FDAB00623267 /* Sources */ = {
			isa = PBXSourcesBuildPhase;
			buildActionMask = 2147483647;
			files = (
				D7EC635C1DB90C4900FF5571 /* WriteMemoViewController.swift in Sources */,
				D732E3F81DB4FDAB00623267 /* ViewController.swift in Sources */,
				D732E3F61DB4FDAB00623267 /* AppDelegate.swift in Sources */,
				D732E4081DB5113000623267 /* MemoCell.swift in Sources */,
			);
			runOnlyForDeploymentPostprocessing = 0;
		};
/* End PBXSourcesBuildPhase section */

/* Begin PBXVariantGroup section */
		D732E3F91DB4FDAB00623267 /* Main.storyboard */ = {
			isa = PBXVariantGroup;
			children = (
				D732E3FA1DB4FDAB00623267 /* Base */,
			);
			name = Main.storyboard;
			sourceTree = "<group>";
		};
		D732E3FE1DB4FDAB00623267 /* LaunchScreen.storyboard */ = {
			isa = PBXVariantGroup;
			children = (
				D732E3FF1DB4FDAB00623267 /* Base */,
			);
			name = LaunchScreen.storyboard;
			sourceTree = "<group>";
		};
/* End PBXVariantGroup section */

/* Begin XCBuildConfiguration section */
		D732E4021DB4FDAB00623267 /* Debug */ = {
			isa = XCBuildConfiguration;
			buildSettings = {
				ALWAYS_SEARCH_USER_PATHS = NO;
				CLANG_ANALYZER_NONNULL = YES;
				CLANG_CXX_LANGUAGE_STANDARD = "gnu++0x";
				CLANG_CXX_LIBRARY = "libc++";
				CLANG_ENABLE_MODULES = YES;
				CLANG_ENABLE_OBJC_ARC = YES;
				CLANG_WARN_BOOL_CONVERSION = YES;
				CLANG_WARN_CONSTANT_CONVERSION = YES;
				CLANG_WARN_DIRECT_OBJC_ISA_USAGE = YES_ERROR;
				CLANG_WARN_DOCUMENTATION_COMMENTS = YES;
				CLANG_WARN_EMPTY_BODY = YES;
				CLANG_WARN_ENUM_CONVERSION = YES;
				CLANG_WARN_INFINITE_RECURSION = YES;
				CLANG_WARN_INT_CONVERSION = YES;
				CLANG_WARN_OBJC_ROOT_CLASS = YES_ERROR;
				CLANG_WARN_SUSPICIOUS_MOVES = YES;
				CLANG_WARN_UNREACHABLE_CODE = YES;
				CLANG_WARN__DUPLICATE_METHOD_MATCH = YES;
				"CODE_SIGN_IDENTITY[sdk=iphoneos*]" = "iPhone Developer";
				COPY_PHASE_STRIP = NO;
				DEBUG_INFORMATION_FORMAT = dwarf;
				ENABLE_STRICT_OBJC_MSGSEND = YES;
				ENABLE_TESTABILITY = YES;
				GCC_C_LANGUAGE_STANDARD = gnu99;
				GCC_DYNAMIC_NO_PIC = NO;
				GCC_NO_COMMON_BLOCKS = YES;
				GCC_OPTIMIZATION_LEVEL = 0;
				GCC_PREPROCESSOR_DEFINITIONS = (
					"DEBUG=1",
					"$(inherited)",
				);
				GCC_WARN_64_TO_32_BIT_CONVERSION = YES;
				GCC_WARN_ABOUT_RETURN_TYPE = YES_ERROR;
				GCC_WARN_UNDECLARED_SELECTOR = YES;
				GCC_WARN_UNINITIALIZED_AUTOS = YES_AGGRESSIVE;
				GCC_WARN_UNUSED_FUNCTION = YES;
				GCC_WARN_UNUSED_VARIABLE = YES;
				IPHONEOS_DEPLOYMENT_TARGET = 10.0;
				MTL_ENABLE_DEBUG_INFO = YES;
				ONLY_ACTIVE_ARCH = YES;
				SDKROOT = iphoneos;
				SWIFT_ACTIVE_COMPILATION_CONDITIONS = DEBUG;
				SWIFT_OPTIMIZATION_LEVEL = "-Onone";
			};
			name = Debug;
		};
		D732E4031DB4FDAB00623267 /* Release */ = {
			isa = XCBuildConfiguration;
			buildSettings = {
				ALWAYS_SEARCH_USER_PATHS = NO;
				CLANG_ANALYZER_NONNULL = YES;
				CLANG_CXX_LANGUAGE_STANDARD = "gnu++0x";
				CLANG_CXX_LIBRARY = "libc++";
				CLANG_ENABLE_MODULES = YES;
				CLANG_ENABLE_OBJC_ARC = YES;
				CLANG_WARN_BOOL_CONVERSION = YES;
				CLANG_WARN_CONSTANT_CONVERSION = YES;
				CLANG_WARN_DIRECT_OBJC_ISA_USAGE = YES_ERROR;
				CLANG_WARN_DOCUMENTATION_COMMENTS = YES;
				CLANG_WARN_EMPTY_BODY = YES;
				CLANG_WARN_ENUM_CONVERSION = YES;
				CLANG_WARN_INFINITE_RECURSION = YES;
				CLANG_WARN_INT_CONVERSION = YES;
				CLANG_WARN_OBJC_ROOT_CLASS = YES_ERROR;
				CLANG_WARN_SUSPICIOUS_MOVES = YES;
				CLANG_WARN_UNREACHABLE_CODE = YES;
				CLANG_WARN__DUPLICATE_METHOD_MATCH = YES;
				"CODE_SIGN_IDENTITY[sdk=iphoneos*]" = "iPhone Developer";
				COPY_PHASE_STRIP = NO;
				DEBUG_INFORMATION_FORMAT = "dwarf-with-dsym";
				ENABLE_NS_ASSERTIONS = NO;
				ENABLE_STRICT_OBJC_MSGSEND = YES;
				GCC_C_LANGUAGE_STANDARD = gnu99;
				GCC_NO_COMMON_BLOCKS = YES;
				GCC_WARN_64_TO_32_BIT_CONVERSION = YES;
				GCC_WARN_ABOUT_RETURN_TYPE = YES_ERROR;
				GCC_WARN_UNDECLARED_SELECTOR = YES;
				GCC_WARN_UNINITIALIZED_AUTOS = YES_AGGRESSIVE;
				GCC_WARN_UNUSED_FUNCTION = YES;
				GCC_WARN_UNUSED_VARIABLE = YES;
				IPHONEOS_DEPLOYMENT_TARGET = 10.0;
				MTL_ENABLE_DEBUG_INFO = NO;
				SDKROOT = iphoneos;
				SWIFT_OPTIMIZATION_LEVEL = "-Owholemodule";
				VALIDATE_PRODUCT = YES;
			};
			name = Release;
		};
		D732E4051DB4FDAB00623267 /* Debug */ = {
			isa = XCBuildConfiguration;
			baseConfigurationReference = 64E1EF24CC234330C4978693 /* Pods-Memo.debug.xcconfig */;
			buildSettings = {
				ASSETCATALOG_COMPILER_APPICON_NAME = AppIcon;
				DEVELOPMENT_TEAM = 6A2AXBD54S;
				INFOPLIST_FILE = Memo/Info.plist;
				LD_RUNPATH_SEARCH_PATHS = "$(inherited) @executable_path/Frameworks";
				PRODUCT_BUNDLE_IDENTIFIER = com.leonard.Memo;
				PRODUCT_NAME = "$(TARGET_NAME)";
				SWIFT_VERSION = 3.0;
			};
			name = Debug;
		};
		D732E4061DB4FDAB00623267 /* Release */ = {
			isa = XCBuildConfiguration;
			baseConfigurationReference = 016C3BB1FD4472B12E84DBAC /* Pods-Memo.release.xcconfig */;
			buildSettings = {
				ASSETCATALOG_COMPILER_APPICON_NAME = AppIcon;
				DEVELOPMENT_TEAM = 6A2AXBD54S;
				INFOPLIST_FILE = Memo/Info.plist;
				LD_RUNPATH_SEARCH_PATHS = "$(inherited) @executable_path/Frameworks";
				PRODUCT_BUNDLE_IDENTIFIER = com.leonard.Memo;
				PRODUCT_NAME = "$(TARGET_NAME)";
				SWIFT_VERSION = 3.0;
			};
			name = Release;
		};
/* End XCBuildConfiguration section */

/* Begin XCConfigurationList section */
		D732E3ED1DB4FDAB00623267 /* Build configuration list for PBXProject "Memo" */ = {
			isa = XCConfigurationList;
			buildConfigurations = (
				D732E4021DB4FDAB00623267 /* Debug */,
				D732E4031DB4FDAB00623267 /* Release */,
			);
			defaultConfigurationIsVisible = 0;
			defaultConfigurationName = Release;
		};
		D732E4041DB4FDAB00623267 /* Build configuration list for PBXNativeTarget "Memo" */ = {
			isa = XCConfigurationList;
			buildConfigurations = (
				D732E4051DB4FDAB00623267 /* Debug */,
				D732E4061DB4FDAB00623267 /* Release */,
			);
			defaultConfigurationIsVisible = 0;
			defaultConfigurationName = Release;
		};
/* End XCConfigurationList section */
	};
	rootObject = D732E3EA1DB4FDAB00623267 /* Project object */;
}
